
Microsoft Visual Studio Solution File, Format Version 12.00
# Visual Studio Version 17
VisualStudioVersion = 17.2.32630.192
MinimumVisualStudioVersion = 10.0.40219.1
Project("{9A19103F-16F7-4668-BE54-9A1E7A4F7556}") = "Theater", "Theatre\Theater.csproj", "{884E7427-528C-42D5-A63C-325903A2D8D7}"
EndProject
Project("{9A19103F-16F7-4668-BE54-9A1E7A4F7556}") = "Theater.Abstractions", "Theater.Abstractions\Theater.Abstractions.csproj", "{2EDF53BE-C829-4F95-9156-DAD6744645E4}"
EndProject
Project("{9A19103F-16F7-4668-BE54-9A1E7A4F7556}") = "Theater.Core", "Theater.Core\Theater.Core.csproj", "{2EA9BEE4-CABD-4349-B5A7-9E7C9B6A3DEA}"
EndProject
Project("{9A19103F-16F7-4668-BE54-9A1E7A4F7556}") = "Theater.Sql", "Theater.Sql\Theater.Sql.csproj", "{92F37CF0-8A49-4439-A37E-B8E838B81CAF}"
EndProject
Project("{9A19103F-16F7-4668-BE54-9A1E7A4F7556}") = "Theater.Contracts", "Theater.Contracts\Theater.Contracts.csproj", "{3918C3A8-AE6F-45FA-BDF4-ED209F935328}"
EndProject
Project("{9A19103F-16F7-4668-BE54-9A1E7A4F7556}") = "Theater.Validation", "Theater.Validation\Theater.Validation.csproj", "{B5E911C6-C2DE-43D3-AD49-B3165F8C8A9B}"
EndProject
Project("{9A19103F-16F7-4668-BE54-9A1E7A4F7556}") = "Theater.Entities", "Theater.Entities\Theater.Entities.csproj", "{3063E283-5561-40D3-8F25-21C9037E7684}"
EndProject
Project("{9A19103F-16F7-4668-BE54-9A1E7A4F7556}") = "Theater.Common", "Theater.Common\Theater.Common.csproj", "{C5C72085-578B-468B-B354-F8780E58BC17}"
EndProject
Project("{9A19103F-16F7-4668-BE54-9A1E7A4F7556}") = "Theater.Configuration", "Theater.Configuration\Theater.Configuration.csproj", "{D50E29A7-16B9-4542-BDB3-4AB713E88FE4}"
EndProject
Project("{9A19103F-16F7-4668-BE54-9A1E7A4F7556}") = "Theater.Clients", "Theater.Clients\Theater.Clients.csproj", "{46D89B55-1F2A-466C-BAE8-27ED5B061AD6}"
EndProject
Project("{9A19103F-16F7-4668-BE54-9A1E7A4F7556}") = "Theater.TestTerminal", "Theater.TestTerminal\Theater.TestTerminal.csproj", "{C1D16FB9-8E69-4BD8-9216-6343DD0AEEF0}"
EndProject
Project("{9A19103F-16F7-4668-BE54-9A1E7A4F7556}") = "Theater.Consumer", "Theater.Consumer\Theater.Consumer.csproj", "{906A59E7-A6D3-4AB5-B659-1D5ABBBC162E}"
EndProject
Project("{9A19103F-16F7-4668-BE54-9A1E7A4F7556}") = "Theater.SignalR", "Theater.SignalR\Theater.SignalR.csproj", "{61A6D3CC-AE99-4AE3-A170-F8CB515B29AA}"
EndProject
Project("{FAE04EC0-301F-11D3-BF4B-00C04F79EFBC}") = "Theater.SignalR.TerminalChat", "Theater.SignalR.TerminalChat\Theater.SignalR.TerminalChat.csproj", "{12CD875B-019D-46BC-9306-0AACD2395B17}"
EndProject
Global
	GlobalSection(SolutionConfigurationPlatforms) = preSolution
		Debug|Any CPU = Debug|Any CPU
		Release|Any CPU = Release|Any CPU
	EndGlobalSection
	GlobalSection(ProjectConfigurationPlatforms) = postSolution
		{884E7427-528C-42D5-A63C-325903A2D8D7}.Debug|Any CPU.ActiveCfg = Debug|Any CPU
		{884E7427-528C-42D5-A63C-325903A2D8D7}.Debug|Any CPU.Build.0 = Debug|Any CPU
		{884E7427-528C-42D5-A63C-325903A2D8D7}.Release|Any CPU.ActiveCfg = Release|Any CPU
		{884E7427-528C-42D5-A63C-325903A2D8D7}.Release|Any CPU.Build.0 = Release|Any CPU
		{2EDF53BE-C829-4F95-9156-DAD6744645E4}.Debug|Any CPU.ActiveCfg = Debug|Any CPU
		{2EDF53BE-C829-4F95-9156-DAD6744645E4}.Debug|Any CPU.Build.0 = Debug|Any CPU
		{2EDF53BE-C829-4F95-9156-DAD6744645E4}.Release|Any CPU.ActiveCfg = Release|Any CPU
		{2EDF53BE-C829-4F95-9156-DAD6744645E4}.Release|Any CPU.Build.0 = Release|Any CPU
		{2EA9BEE4-CABD-4349-B5A7-9E7C9B6A3DEA}.Debug|Any CPU.ActiveCfg = Debug|Any CPU
		{2EA9BEE4-CABD-4349-B5A7-9E7C9B6A3DEA}.Debug|Any CPU.Build.0 = Debug|Any CPU
		{2EA9BEE4-CABD-4349-B5A7-9E7C9B6A3DEA}.Release|Any CPU.ActiveCfg = Release|Any CPU
		{2EA9BEE4-CABD-4349-B5A7-9E7C9B6A3DEA}.Release|Any CPU.Build.0 = Release|Any CPU
		{92F37CF0-8A49-4439-A37E-B8E838B81CAF}.Debug|Any CPU.ActiveCfg = Debug|Any CPU
		{92F37CF0-8A49-4439-A37E-B8E838B81CAF}.Debug|Any CPU.Build.0 = Debug|Any CPU
		{92F37CF0-8A49-4439-A37E-B8E838B81CAF}.Release|Any CPU.ActiveCfg = Release|Any CPU
		{92F37CF0-8A49-4439-A37E-B8E838B81CAF}.Release|Any CPU.Build.0 = Release|Any CPU
		{3918C3A8-AE6F-45FA-BDF4-ED209F935328}.Debug|Any CPU.ActiveCfg = Debug|Any CPU
		{3918C3A8-AE6F-45FA-BDF4-ED209F935328}.Debug|Any CPU.Build.0 = Debug|Any CPU
		{3918C3A8-AE6F-45FA-BDF4-ED209F935328}.Release|Any CPU.ActiveCfg = Release|Any CPU
		{3918C3A8-AE6F-45FA-BDF4-ED209F935328}.Release|Any CPU.Build.0 = Release|Any CPU
		{B5E911C6-C2DE-43D3-AD49-B3165F8C8A9B}.Debug|Any CPU.ActiveCfg = Debug|Any CPU
		{B5E911C6-C2DE-43D3-AD49-B3165F8C8A9B}.Debug|Any CPU.Build.0 = Debug|Any CPU
		{B5E911C6-C2DE-43D3-AD49-B3165F8C8A9B}.Release|Any CPU.ActiveCfg = Release|Any CPU
		{B5E911C6-C2DE-43D3-AD49-B3165F8C8A9B}.Release|Any CPU.Build.0 = Release|Any CPU
		{3063E283-5561-40D3-8F25-21C9037E7684}.Debug|Any CPU.ActiveCfg = Debug|Any CPU
		{3063E283-5561-40D3-8F25-21C9037E7684}.Debug|Any CPU.Build.0 = Debug|Any CPU
		{3063E283-5561-40D3-8F25-21C9037E7684}.Release|Any CPU.ActiveCfg = Release|Any CPU
		{3063E283-5561-40D3-8F25-21C9037E7684}.Release|Any CPU.Build.0 = Release|Any CPU
		{C5C72085-578B-468B-B354-F8780E58BC17}.Debug|Any CPU.ActiveCfg = Debug|Any CPU
		{C5C72085-578B-468B-B354-F8780E58BC17}.Debug|Any CPU.Build.0 = Debug|Any CPU
		{C5C72085-578B-468B-B354-F8780E58BC17}.Release|Any CPU.ActiveCfg = Release|Any CPU
		{C5C72085-578B-468B-B354-F8780E58BC17}.Release|Any CPU.Build.0 = Release|Any CPU
		{D50E29A7-16B9-4542-BDB3-4AB713E88FE4}.Debug|Any CPU.ActiveCfg = Debug|Any CPU
		{D50E29A7-16B9-4542-BDB3-4AB713E88FE4}.Debug|Any CPU.Build.0 = Debug|Any CPU
		{D50E29A7-16B9-4542-BDB3-4AB713E88FE4}.Release|Any CPU.ActiveCfg = Release|Any CPU
		{D50E29A7-16B9-4542-BDB3-4AB713E88FE4}.Release|Any CPU.Build.0 = Release|Any CPU
		{46D89B55-1F2A-466C-BAE8-27ED5B061AD6}.Debug|Any CPU.ActiveCfg = Debug|Any CPU
		{46D89B55-1F2A-466C-BAE8-27ED5B061AD6}.Debug|Any CPU.Build.0 = Debug|Any CPU
		{46D89B55-1F2A-466C-BAE8-27ED5B061AD6}.Release|Any CPU.ActiveCfg = Release|Any CPU
		{46D89B55-1F2A-466C-BAE8-27ED5B061AD6}.Release|Any CPU.Build.0 = Release|Any CPU
		{C1D16FB9-8E69-4BD8-9216-6343DD0AEEF0}.Debug|Any CPU.ActiveCfg = Debug|Any CPU
		{C1D16FB9-8E69-4BD8-9216-6343DD0AEEF0}.Debug|Any CPU.Build.0 = Debug|Any CPU
		{C1D16FB9-8E69-4BD8-9216-6343DD0AEEF0}.Release|Any CPU.ActiveCfg = Release|Any CPU
		{C1D16FB9-8E69-4BD8-9216-6343DD0AEEF0}.Release|Any CPU.Build.0 = Release|Any CPU
		{906A59E7-A6D3-4AB5-B659-1D5ABBBC162E}.Debug|Any CPU.ActiveCfg = Debug|Any CPU
		{906A59E7-A6D3-4AB5-B659-1D5ABBBC162E}.Debug|Any CPU.Build.0 = Debug|Any CPU
		{906A59E7-A6D3-4AB5-B659-1D5ABBBC162E}.Release|Any CPU.ActiveCfg = Release|Any CPU
		{906A59E7-A6D3-4AB5-B659-1D5ABBBC162E}.Release|Any CPU.Build.0 = Release|Any CPU
		{61A6D3CC-AE99-4AE3-A170-F8CB515B29AA}.Debug|Any CPU.ActiveCfg = Debug|Any CPU
		{61A6D3CC-AE99-4AE3-A170-F8CB515B29AA}.Debug|Any CPU.Build.0 = Debug|Any CPU
		{61A6D3CC-AE99-4AE3-A170-F8CB515B29AA}.Release|Any CPU.ActiveCfg = Release|Any CPU
		{61A6D3CC-AE99-4AE3-A170-F8CB515B29AA}.Release|Any CPU.Build.0 = Release|Any CPU
		{12CD875B-019D-46BC-9306-0AACD2395B17}.Debug|Any CPU.ActiveCfg = Debug|Any CPU
		{12CD875B-019D-46BC-9306-0AACD2395B17}.Debug|Any CPU.Build.0 = Debug|Any CPU
		{12CD875B-019D-46BC-9306-0AACD2395B17}.Release|Any CPU.ActiveCfg = Release|Any CPU
		{12CD875B-019D-46BC-9306-0AACD2395B17}.Release|Any CPU.Build.0 = Release|Any CPU
	EndGlobalSection
	GlobalSection(SolutionProperties) = preSolution
		HideSolutionNode = FALSE
	EndGlobalSection
	GlobalSection(ExtensibilityGlobals) = postSolution
		SolutionGuid = {52B158DC-6091-4EFB-9AF0-2DE42636359B}
	EndGlobalSection
EndGlobal
